
Microsoft Visual Studio Solution File, Format Version 12.00
# Visual Studio Version 17
VisualStudioVersion = 17.11.35222.181
MinimumVisualStudioVersion = 10.0.40219.1
Project("{FAE04EC0-301F-11D3-BF4B-00C04F79EFBC}") = "EquipmentRentAPI", "EquipmentRentAPI\EquipmentRentAPI.csproj", "{893A719F-6AB0-4ADB-BFCB-15E7E16EB8CC}"
EndProject
Global
	GlobalSection(SolutionConfigurationPlatforms) = preSolution
		Debug|Any CPU = Debug|Any CPU
		Release|Any CPU = Release|Any CPU
	EndGlobalSection
	GlobalSection(ProjectConfigurationPlatforms) = postSolution
		{893A719F-6AB0-4ADB-BFCB-15E7E16EB8CC}.Debug|Any CPU.ActiveCfg = Debug|Any CPU
		{893A719F-6AB0-4ADB-BFCB-15E7E16EB8CC}.Debug|Any CPU.Build.0 = Debug|Any CPU
		{893A719F-6AB0-4ADB-BFCB-15E7E16EB8CC}.Release|Any CPU.ActiveCfg = Release|Any CPU
		{893A719F-6AB0-4ADB-BFCB-15E7E16EB8CC}.Release|Any CPU.Build.0 = Release|Any CPU
	EndGlobalSection
	GlobalSection(SolutionProperties) = preSolution
		HideSolutionNode = FALSE
	EndGlobalSection
	GlobalSection(ExtensibilityGlobals) = postSolution
		SolutionGuid = {80699932-B897-4B4D-B615-C1BAEED17242}
	EndGlobalSection
EndGlobal
